
Microsoft Visual Studio Solution File, Format Version 12.00
# Visual Studio 15
VisualStudioVersion = 15.0.28010.2041
MinimumVisualStudioVersion = 10.0.40219.1
Project("{FAE04EC0-301F-11D3-BF4B-00C04F79EFBC}") = "StellarisModMatch", "StellarisModMatch\StellarisModMatch.csproj", "{ABF5299A-C057-4D05-B662-2581CAAB8A2E}"
EndProject
Global
	GlobalSection(SolutionConfigurationPlatforms) = preSolution
		Debug|Any CPU = Debug|Any CPU
		Release|Any CPU = Release|Any CPU
	EndGlobalSection
	GlobalSection(ProjectConfigurationPlatforms) = postSolution
		{ABF5299A-C057-4D05-B662-2581CAAB8A2E}.Debug|Any CPU.ActiveCfg = Debug|Any CPU
		{ABF5299A-C057-4D05-B662-2581CAAB8A2E}.Debug|Any CPU.Build.0 = Debug|Any CPU
		{ABF5299A-C057-4D05-B662-2581CAAB8A2E}.Release|Any CPU.ActiveCfg = Release|Any CPU
		{ABF5299A-C057-4D05-B662-2581CAAB8A2E}.Release|Any CPU.Build.0 = Release|Any CPU
	EndGlobalSection
	GlobalSection(SolutionProperties) = preSolution
		HideSolutionNode = FALSE
	EndGlobalSection
	GlobalSection(ExtensibilityGlobals) = postSolution
		SolutionGuid = {7CD221ED-4E28-4E97-A6A8-C217F307C90B}
	EndGlobalSection
EndGlobal
